{
    "_readme": [
        "This file locks the dependencies of your project to a known state",
        "Read more about it at https://getcomposer.org/doc/01-basic-usage.md#installing-dependencies",
        "This file is @generated automatically"
    ],
    "content-hash": "d6b1356e94338086777291be7a0501cd",
    "packages": [
        {
            "name": "yurigabriel/myframeworklibs",
            "version": "v1.0.0",
            "source": {
                "type": "git",
                "url": "https://github.com/Yuri-Gabriel/MyFrameworkLibs.git",
                "reference": "85ed6dca310fa8241ecf8a72026027c141fc460c"
            },
            "dist": {
                "type": "zip",
                "url": "https://api.github.com/repos/Yuri-Gabriel/MyFrameworkLibs/zipball/85ed6dca310fa8241ecf8a72026027c141fc460c",
                "reference": "85ed6dca310fa8241ecf8a72026027c141fc460c",
                "shasum": ""
            },
            "require": {
                "php": ">=8.0"
            },
            "type": "library",
            "autoload": {
                "psr-4": {
                    "Framework\\": ""
                }
            },
            "notification-url": "https://packagist.org/downloads/",
            "description": "Minhas bibliotecas e classes reutilizáveis.",
            "support": {
                "issues": "https://github.com/Yuri-Gabriel/MyFrameworkLibs/issues",
                "source": "https://github.com/Yuri-Gabriel/MyFrameworkLibs/tree/v1.0.0"
            },
            "time": "2025-12-27T21:53:58+00:00"
        }
    ],
    "packages-dev": [],
    "aliases": [],
    "minimum-stability": "stable",
    "stability-flags": {},
    "prefer-stable": true,
    "prefer-lowest": false,
    "platform": {
        "php": ">=8.0"
    },
    "platform-dev": {},
    "plugin-api-version": "2.9.0"
}
